lockfileVersion: '9.0'

settings:
  autoInstallPeers: true
  excludeLinksFromLockfile: false

importers:

  .:
    dependencies:
      ua-parser-js:
        specifier: ^1.0.38
        version: 1.0.38
    devDependencies:
      '@types/ua-parser-js':
        specifier: 0.7.39
        version: 0.7.39
      esbuild:
        specifier: 0.22.0
        version: 0.22.0

packages:

  '@esbuild/aix-ppc64@0.22.0':
    resolution: {integrity: sha512-uvQR2crZ/zgzSHDvdygHyNI+ze9zwS8mqz0YtGXotSqvEE0UkYE9s+FZKQNTt1VtT719mfP3vHrUdCpxBNQZhQ==}
    engines: {node: '>=18'}
    cpu: [ppc64]
    os: [aix]

  '@esbuild/android-arm64@0.22.0':
    resolution: {integrity: sha512-UKhPb3o2gAB/bfXcl58ZXTn1q2oVu1rEu/bKrCtmm+Nj5MKUbrOwR5WAixE2v+lk0amWuwPvhnPpBRLIGiq7ig==}
    engines: {node: '>=18'}
    cpu: [arm64]
    os: [android]

  '@esbuild/android-arm@0.22.0':
    resolution: {integrity: sha512-PBnyP+r8vJE4ifxsWys9l+Mc2UY/yYZOpX82eoyGISXXb3dRr0M21v+s4fgRKWMFPMSf/iyowqPW/u7ScSUkjQ==}
    engines: {node: '>=18'}
    cpu: [arm]
    os: [android]

  '@esbuild/android-x64@0.22.0':
    resolution: {integrity: sha512-IjTYtvIrjhR41Ijy2dDPgYjQHWG/x/A4KXYbs1fiU3efpRdoxMChK3oEZV6GPzVEzJqxFgcuBaiX1kwEvWUxSw==}
    engines: {node: '>=18'}
    cpu: [x64]
    os: [android]

  '@esbuild/darwin-arm64@0.22.0':
    resolution: {integrity: sha512-mqt+Go4y9wRvEz81bhKd9RpHsQR1LwU8Xm6jZRUV/xpM7cIQFbFH6wBCLPTNsdELBvfoHeumud7X78jQQJv2TA==}
    engines: {node: '>=18'}
    cpu: [arm64]
    os: [darwin]

  '@esbuild/darwin-x64@0.22.0':
    resolution: {integrity: sha512-vTaTQ9OgYc3VTaWtOE5pSuDT6H3d/qSRFRfSBbnxFfzAvYoB3pqKXA0LEbi/oT8GUOEAutspfRMqPj2ezdFaMw==}
    engines: {node: '>=18'}
    cpu: [x64]
    os: [darwin]

  '@esbuild/freebsd-arm64@0.22.0':
    resolution: {integrity: sha512-0e1ZgoobJzaGnR4reD7I9rYZ7ttqdh1KPvJWnquUoDJhL0rYwdneeLailBzd2/4g/U5p4e5TIHEWa68NF2hFpQ==}
    engines: {node: '>=18'}
    cpu: [arm64]
    os: [freebsd]

  '@esbuild/freebsd-x64@0.22.0':
    resolution: {integrity: sha512-BFgyYwlCwRWyPQJtkzqq2p6pJbiiWgp0P9PNf7a5FQ1itKY4czPuOMAlFVItirSmEpRPCeImuwePNScZS0pL5Q==}
    engines: {node: '>=18'}
    cpu: [x64]
    os: [freebsd]

  '@esbuild/linux-arm64@0.22.0':
    resolution: {integrity: sha512-V/K2rctCUgC0PCXpN7AqT4hoazXKgIYugFGu/myk2+pfe6jTW2guz/TBwq4cZ7ESqusR/IzkcQaBkcjquuBWsw==}
    engines: {node: '>=18'}
    cpu: [arm64]
    os: [linux]

  '@esbuild/linux-arm@0.22.0':
    resolution: {integrity: sha512-KEMWiA9aGuPUD4BH5yjlhElLgaRXe+Eri6gKBoDazoPBTo1BXc/e6IW5FcJO9DoL19FBeCxgONyh95hLDNepIg==}
    engines: {node: '>=18'}
    cpu: [arm]
    os: [linux]

  '@esbuild/linux-ia32@0.22.0':
    resolution: {integrity: sha512-r2ZZqkOMOrpUhzNwxI7uLAHIDwkfeqmTnrv1cjpL/rjllPWszgqmprd/om9oviKXUBpMqHbXmppvjAYgISb26Q==}
    engines: {node: '>=18'}
    cpu: [ia32]
    os: [linux]

  '@esbuild/linux-loong64@0.22.0':
    resolution: {integrity: sha512-qaowLrV/YOMAL2RfKQ4C/VaDzAuLDuylM2sd/LH+4OFirMl6CuDpRlCq4u49ZBaVV8pkI/Y+hTdiibvQRhojCA==}
    engines: {node: '>=18'}
    cpu: [loong64]
    os: [linux]

  '@esbuild/linux-mips64el@0.22.0':
    resolution: {integrity: sha512-hgrezzjQTRxjkQ5k08J6rtZN5PNnkWx/Rz6Kmj9gnsdCAX1I4Dn4ZPqvFRkXo55Q3pnVQJBwbdtrTO7tMGtyVA==}
    engines: {node: '>=18'}
    cpu: [mips64el]
    os: [linux]

  '@esbuild/linux-ppc64@0.22.0':
    resolution: {integrity: sha512-ewxg6FLLUio883XgSjfULEmDl3VPv/TYNnRprVAS3QeGFLdCYdx1tIudBcd7n9jIdk82v1Ajov4jx87qW7h9+g==}
    engines: {node: '>=18'}
    cpu: [ppc64]
    os: [linux]

  '@esbuild/linux-riscv64@0.22.0':
    resolution: {integrity: sha512-Az5XbgSJC2lE8XK8pdcutsf9RgdafWdTpUK/+6uaDdfkviw/B4JCwAfh1qVeRWwOohwdsl4ywZrWBNWxwrPLFg==}
    engines: {node: '>=18'}
    cpu: [riscv64]
    os: [linux]

  '@esbuild/linux-s390x@0.22.0':
    resolution: {integrity: sha512-8j4a2ChT9+V34NNNY9c/gMldutaJFmfMacTPq4KfNKwv2fitBCLYjee7c+Vxaha2nUhPK7cXcZpJtJ3+Y7ZdVQ==}
    engines: {node: '>=18'}
    cpu: [s390x]
    os: [linux]

  '@esbuild/linux-x64@0.22.0':
    resolution: {integrity: sha512-JUQyOnpbAkkRFOk/AhsEemz5TfWN4FJZxVObUlnlNCbe7QBl61ZNfM4cwBXayQA6laMJMUcqLHaYQHAB6YQ95Q==}
    engines: {node: '>=18'}
    cpu: [x64]
    os: [linux]

  '@esbuild/netbsd-x64@0.22.0':
    resolution: {integrity: sha512-11PoCoHXo4HFNbLsXuMB6bpMPWGDiw7xETji6COdJss4SQZLvcgNoeSqWtATRm10Jj1uEHiaIk4N0PiN6x4Fcg==}
    engines: {node: '>=18'}
    cpu: [x64]
    os: [netbsd]

  '@esbuild/openbsd-arm64@0.22.0':
    resolution: {integrity: sha512-Ezlhu/YyITmXwKSB+Zu/QqD7cxrjrpiw85cc0Rbd3AWr2wsgp+dWbWOE8MqHaLW9NKMZvuL0DhbJbvzR7F6Zvg==}
    engines: {node: '>=18'}
    cpu: [arm64]
    os: [openbsd]

  '@esbuild/openbsd-x64@0.22.0':
    resolution: {integrity: sha512-ufjdW5tFJGUjlH9j/5cCE9lrwRffyZh+T4vYvoDKoYsC6IXbwaFeV/ENxeNXcxotF0P8CDzoICXVSbJaGBhkrw==}
    engines: {node: '>=18'}
    cpu: [x64]
    os: [openbsd]

  '@esbuild/sunos-x64@0.22.0':
    resolution: {integrity: sha512-zY6ly/AoSmKnmNTowDJsK5ehra153/5ZhqxNLfq9NRsTTltetr+yHHcQ4RW7QDqw4JC8A1uC1YmeSfK9NRcK1w==}
    engines: {node: '>=18'}
    cpu: [x64]
    os: [sunos]

  '@esbuild/win32-arm64@0.22.0':
    resolution: {integrity: sha512-Kml5F7tv/1Maam0pbbCrvkk9vj046dPej30kFzlhXnhuCtYYBP6FGy/cLbc5yUT1lkZznGLf2OvuvmLjscO5rw==}
    engines: {node: '>=18'}
    cpu: [arm64]
    os: [win32]

  '@esbuild/win32-ia32@0.22.0':
    resolution: {integrity: sha512-IOgwn+mYTM3RrcydP4Og5IpXh+ftN8oF+HELTXSmbWBlujuci4Qa3DTeO+LEErceisI7KUSfEIiX+WOUlpELkw==}
    engines: {node: '>=18'}
    cpu: [ia32]
    os: [win32]

  '@esbuild/win32-x64@0.22.0':
    resolution: {integrity: sha512-4bDHJrk2WHBXJPhy1y80X7/5b5iZTZP3LGcKIlAP1J+KqZ4zQAPMLEzftGyjjfcKbA4JDlPt/+2R/F1ZTeRgrw==}
    engines: {node: '>=18'}
    cpu: [x64]
    os: [win32]

  '@types/ua-parser-js@0.7.39':
    resolution: {integrity: sha512-P/oDfpofrdtF5xw433SPALpdSchtJmY7nsJItf8h3KXqOslkbySh8zq4dSWXH2oTjRvJ5PczVEoCZPow6GicLg==}

  esbuild@0.22.0:
    resolution: {integrity: sha512-zNYA6bFZsVnsU481FnGAQjLDW0Pl/8BGG7EvAp15RzUvGC+ME7hf1q7LvIfStEQBz/iEHuBJCYcOwPmNCf1Tlw==}
    engines: {node: '>=18'}
    hasBin: true

  ua-parser-js@1.0.38:
    resolution: {integrity: sha512-Aq5ppTOfvrCMgAPneW1HfWj66Xi7XL+/mIy996R1/CLS/rcyJQm6QZdsKrUeivDFQ+Oc9Wyuwor8Ze8peEoUoQ==}

snapshots:

  '@esbuild/aix-ppc64@0.22.0':
    optional: true

  '@esbuild/android-arm64@0.22.0':
    optional: true

  '@esbuild/android-arm@0.22.0':
    optional: true

  '@esbuild/android-x64@0.22.0':
    optional: true

  '@esbuild/darwin-arm64@0.22.0':
    optional: true

  '@esbuild/darwin-x64@0.22.0':
    optional: true

  '@esbuild/freebsd-arm64@0.22.0':
    optional: true

  '@esbuild/freebsd-x64@0.22.0':
    optional: true

  '@esbuild/linux-arm64@0.22.0':
    optional: true

  '@esbuild/linux-arm@0.22.0':
    optional: true

  '@esbuild/linux-ia32@0.22.0':
    optional: true

  '@esbuild/linux-loong64@0.22.0':
    optional: true

  '@esbuild/linux-mips64el@0.22.0':
    optional: true

  '@esbuild/linux-ppc64@0.22.0':
    optional: true

  '@esbuild/linux-riscv64@0.22.0':
    optional: true

  '@esbuild/linux-s390x@0.22.0':
    optional: true

  '@esbuild/linux-x64@0.22.0':
    optional: true

  '@esbuild/netbsd-x64@0.22.0':
    optional: true

  '@esbuild/openbsd-arm64@0.22.0':
    optional: true

  '@esbuild/openbsd-x64@0.22.0':
    optional: true

  '@esbuild/sunos-x64@0.22.0':
    optional: true

  '@esbuild/win32-arm64@0.22.0':
    optional: true

  '@esbuild/win32-ia32@0.22.0':
    optional: true

  '@esbuild/win32-x64@0.22.0':
    optional: true

  '@types/ua-parser-js@0.7.39': {}

  esbuild@0.22.0:
    optionalDependencies:
      '@esbuild/aix-ppc64': 0.22.0
      '@esbuild/android-arm': 0.22.0
      '@esbuild/android-arm64': 0.22.0
      '@esbuild/android-x64': 0.22.0
      '@esbuild/darwin-arm64': 0.22.0
      '@esbuild/darwin-x64': 0.22.0
      '@esbuild/freebsd-arm64': 0.22.0
      '@esbuild/freebsd-x64': 0.22.0
      '@esbuild/linux-arm': 0.22.0
      '@esbuild/linux-arm64': 0.22.0
      '@esbuild/linux-ia32': 0.22.0
      '@esbuild/linux-loong64': 0.22.0
      '@esbuild/linux-mips64el': 0.22.0
      '@esbuild/linux-ppc64': 0.22.0
      '@esbuild/linux-riscv64': 0.22.0
      '@esbuild/linux-s390x': 0.22.0
      '@esbuild/linux-x64': 0.22.0
      '@esbuild/netbsd-x64': 0.22.0
      '@esbuild/openbsd-arm64': 0.22.0
      '@esbuild/openbsd-x64': 0.22.0
      '@esbuild/sunos-x64': 0.22.0
      '@esbuild/win32-arm64': 0.22.0
      '@esbuild/win32-ia32': 0.22.0
      '@esbuild/win32-x64': 0.22.0

  ua-parser-js@1.0.38: {}
